
Microsoft Visual Studio Solution File, Format Version 12.00
# Visual Studio Version 17
VisualStudioVersion = 17.5.33414.496
MinimumVisualStudioVersion = 10.0.40219.1
Project("{FAE04EC0-301F-11D3-BF4B-00C04F79EFBC}") = "ArraysAndLists", "ArraysAndLists\ArraysAndLists.csproj", "{07950FB7-21B8-4B4F-AD47-F16625DCEE1A}"
EndProject
Global
	GlobalSection(SolutionConfigurationPlatforms) = preSolution
		Debug|Any CPU = Debug|Any CPU
		Release|Any CPU = Release|Any CPU
	EndGlobalSection
	GlobalSection(ProjectConfigurationPlatforms) = postSolution
		{07950FB7-21B8-4B4F-AD47-F16625DCEE1A}.Debug|Any CPU.ActiveCfg = Debug|Any CPU
		{07950FB7-21B8-4B4F-AD47-F16625DCEE1A}.Debug|Any CPU.Build.0 = Debug|Any CPU
		{07950FB7-21B8-4B4F-AD47-F16625DCEE1A}.Release|Any CPU.ActiveCfg = Release|Any CPU
		{07950FB7-21B8-4B4F-AD47-F16625DCEE1A}.Release|Any CPU.Build.0 = Release|Any CPU
	EndGlobalSection
	GlobalSection(SolutionProperties) = preSolution
		HideSolutionNode = FALSE
	EndGlobalSection
	GlobalSection(ExtensibilityGlobals) = postSolution
		SolutionGuid = {082A97EE-93A0-487B-984B-5CA367D97A53}
	EndGlobalSection
EndGlobal
