
Microsoft Visual Studio Solution File, Format Version 12.00
# Visual Studio Version 17
VisualStudioVersion = 17.5.33414.496
MinimumVisualStudioVersion = 10.0.40219.1
Project("{FAE04EC0-301F-11D3-BF4B-00C04F79EFBC}") = "Student_Daily_Report", "Student_Daily_Report\Student_Daily_Report.csproj", "{5199A480-D144-4F65-B89E-AE07A17B3A1C}"
EndProject
Global
	GlobalSection(SolutionConfigurationPlatforms) = preSolution
		Debug|Any CPU = Debug|Any CPU
		Release|Any CPU = Release|Any CPU
	EndGlobalSection
	GlobalSection(ProjectConfigurationPlatforms) = postSolution
		{5199A480-D144-4F65-B89E-AE07A17B3A1C}.Debug|Any CPU.ActiveCfg = Debug|Any CPU
		{5199A480-D144-4F65-B89E-AE07A17B3A1C}.Debug|Any CPU.Build.0 = Debug|Any CPU
		{5199A480-D144-4F65-B89E-AE07A17B3A1C}.Release|Any CPU.ActiveCfg = Release|Any CPU
		{5199A480-D144-4F65-B89E-AE07A17B3A1C}.Release|Any CPU.Build.0 = Release|Any CPU
	EndGlobalSection
	GlobalSection(SolutionProperties) = preSolution
		HideSolutionNode = FALSE
	EndGlobalSection
	GlobalSection(ExtensibilityGlobals) = postSolution
		SolutionGuid = {89BE40F8-48EE-4C11-9329-A55FC4DCE785}
	EndGlobalSection
EndGlobal
