
Microsoft Visual Studio Solution File, Format Version 12.00
# Visual Studio Version 17
VisualStudioVersion = 17.5.33627.172
MinimumVisualStudioVersion = 10.0.40219.1
Project("{FAE04EC0-301F-11D3-BF4B-00C04F79EFBC}") = "CarInsurance", "CarInsurance\CarInsurance.csproj", "{186BB762-CDE8-4656-99B4-53DE2CB0A4EB}"
EndProject
Global
	GlobalSection(SolutionConfigurationPlatforms) = preSolution
		Debug|Any CPU = Debug|Any CPU
		Release|Any CPU = Release|Any CPU
	EndGlobalSection
	GlobalSection(ProjectConfigurationPlatforms) = postSolution
		{186BB762-CDE8-4656-99B4-53DE2CB0A4EB}.Debug|Any CPU.ActiveCfg = Debug|Any CPU
		{186BB762-CDE8-4656-99B4-53DE2CB0A4EB}.Debug|Any CPU.Build.0 = Debug|Any CPU
		{186BB762-CDE8-4656-99B4-53DE2CB0A4EB}.Release|Any CPU.ActiveCfg = Release|Any CPU
		{186BB762-CDE8-4656-99B4-53DE2CB0A4EB}.Release|Any CPU.Build.0 = Release|Any CPU
	EndGlobalSection
	GlobalSection(SolutionProperties) = preSolution
		HideSolutionNode = FALSE
	EndGlobalSection
	GlobalSection(ExtensibilityGlobals) = postSolution
		SolutionGuid = {CABCD71A-B6E2-4146-83C8-CA559A3C0C40}
	EndGlobalSection
EndGlobal
