
Microsoft Visual Studio Solution File, Format Version 12.00
# Visual Studio Version 16
VisualStudioVersion = 25.0.1705.2
MinimumVisualStudioVersion = 10.0.40219.1
Project("{FAE04EC0-301F-11D3-BF4B-00C04F79EFBC}") = "TwentyOne", "TwentyOne.csproj", "{C5730944-1447-4FCD-A57E-3DB79EA031D2}"
EndProject
Global
	GlobalSection(SolutionConfigurationPlatforms) = preSolution
		Debug|Any CPU = Debug|Any CPU
		Release|Any CPU = Release|Any CPU
	EndGlobalSection
	GlobalSection(ProjectConfigurationPlatforms) = postSolution
		{C5730944-1447-4FCD-A57E-3DB79EA031D2}.Debug|Any CPU.ActiveCfg = Debug|Any CPU
		{C5730944-1447-4FCD-A57E-3DB79EA031D2}.Debug|Any CPU.Build.0 = Debug|Any CPU
		{C5730944-1447-4FCD-A57E-3DB79EA031D2}.Release|Any CPU.ActiveCfg = Release|Any CPU
		{C5730944-1447-4FCD-A57E-3DB79EA031D2}.Release|Any CPU.Build.0 = Release|Any CPU
	EndGlobalSection
	GlobalSection(SolutionProperties) = preSolution
		HideSolutionNode = FALSE
	EndGlobalSection
	GlobalSection(ExtensibilityGlobals) = postSolution
		SolutionGuid = {0AC462C8-3587-4078-8512-22432E3A10EB}
	EndGlobalSection
EndGlobal
