
Microsoft Visual Studio Solution File, Format Version 12.00
# Visual Studio Version 17
VisualStudioVersion = 17.5.33627.172
MinimumVisualStudioVersion = 10.0.40219.1
Project("{FAE04EC0-301F-11D3-BF4B-00C04F79EFBC}") = "NewsletterAppMVC", "NewsletterAppMVC\NewsletterAppMVC.csproj", "{7FF0523C-01AE-4148-BCA7-4D8AB7FD242B}"
EndProject
Global
	GlobalSection(SolutionConfigurationPlatforms) = preSolution
		Debug|Any CPU = Debug|Any CPU
		Release|Any CPU = Release|Any CPU
	EndGlobalSection
	GlobalSection(ProjectConfigurationPlatforms) = postSolution
		{7FF0523C-01AE-4148-BCA7-4D8AB7FD242B}.Debug|Any CPU.ActiveCfg = Debug|Any CPU
		{7FF0523C-01AE-4148-BCA7-4D8AB7FD242B}.Debug|Any CPU.Build.0 = Debug|Any CPU
		{7FF0523C-01AE-4148-BCA7-4D8AB7FD242B}.Release|Any CPU.ActiveCfg = Release|Any CPU
		{7FF0523C-01AE-4148-BCA7-4D8AB7FD242B}.Release|Any CPU.Build.0 = Release|Any CPU
	EndGlobalSection
	GlobalSection(SolutionProperties) = preSolution
		HideSolutionNode = FALSE
	EndGlobalSection
	GlobalSection(ExtensibilityGlobals) = postSolution
		SolutionGuid = {56AB37AD-5117-479F-ACA6-977A24DB1605}
	EndGlobalSection
EndGlobal
