
Microsoft Visual Studio Solution File, Format Version 12.00
# Visual Studio Version 17
VisualStudioVersion = 17.5.33414.496
MinimumVisualStudioVersion = 10.0.40219.1
Project("{9A19103F-16F7-4668-BE54-9A1E7A4F7556}") = "ConsoleAppAssignment4", "ConsoleAppAssignment1\ConsoleAppAssignment4.csproj", "{5417FB01-2BAD-4CB6-937D-73CCF455A422}"
EndProject
Project("{FAE04EC0-301F-11D3-BF4B-00C04F79EFBC}") = "ConsoleAppAssignment5", "ConsoleAppAssignment5\ConsoleAppAssignment5.csproj", "{23D29BB6-8263-4249-A444-DA9C355844F6}"
EndProject
Global
	GlobalSection(SolutionConfigurationPlatforms) = preSolution
		Debug|Any CPU = Debug|Any CPU
		Release|Any CPU = Release|Any CPU
	EndGlobalSection
	GlobalSection(ProjectConfigurationPlatforms) = postSolution
		{5417FB01-2BAD-4CB6-937D-73CCF455A422}.Debug|Any CPU.ActiveCfg = Debug|Any CPU
		{5417FB01-2BAD-4CB6-937D-73CCF455A422}.Debug|Any CPU.Build.0 = Debug|Any CPU
		{5417FB01-2BAD-4CB6-937D-73CCF455A422}.Release|Any CPU.ActiveCfg = Release|Any CPU
		{5417FB01-2BAD-4CB6-937D-73CCF455A422}.Release|Any CPU.Build.0 = Release|Any CPU
		{23D29BB6-8263-4249-A444-DA9C355844F6}.Debug|Any CPU.ActiveCfg = Debug|Any CPU
		{23D29BB6-8263-4249-A444-DA9C355844F6}.Debug|Any CPU.Build.0 = Debug|Any CPU
		{23D29BB6-8263-4249-A444-DA9C355844F6}.Release|Any CPU.ActiveCfg = Release|Any CPU
		{23D29BB6-8263-4249-A444-DA9C355844F6}.Release|Any CPU.Build.0 = Release|Any CPU
	EndGlobalSection
	GlobalSection(SolutionProperties) = preSolution
		HideSolutionNode = FALSE
	EndGlobalSection
	GlobalSection(ExtensibilityGlobals) = postSolution
		SolutionGuid = {30E98121-9FED-4E3F-93A4-C37E6267A9A1}
	EndGlobalSection
EndGlobal
