
Microsoft Visual Studio Solution File, Format Version 12.00
# Visual Studio Version 16
VisualStudioVersion = 25.0.1705.2
MinimumVisualStudioVersion = 10.0.40219.1
Project("{FAE04EC0-301F-11D3-BF4B-00C04F79EFBC}") = "IQuittable", "IQuittable\IQuittable.csproj", "{43A2FDF0-DEC1-4E59-B049-645358AB032C}"
EndProject
Global
	GlobalSection(SolutionConfigurationPlatforms) = preSolution
		Debug|Any CPU = Debug|Any CPU
		Release|Any CPU = Release|Any CPU
	EndGlobalSection
	GlobalSection(ProjectConfigurationPlatforms) = postSolution
		{43A2FDF0-DEC1-4E59-B049-645358AB032C}.Debug|Any CPU.ActiveCfg = Debug|Any CPU
		{43A2FDF0-DEC1-4E59-B049-645358AB032C}.Debug|Any CPU.Build.0 = Debug|Any CPU
		{43A2FDF0-DEC1-4E59-B049-645358AB032C}.Release|Any CPU.ActiveCfg = Release|Any CPU
		{43A2FDF0-DEC1-4E59-B049-645358AB032C}.Release|Any CPU.Build.0 = Release|Any CPU
	EndGlobalSection
	GlobalSection(SolutionProperties) = preSolution
		HideSolutionNode = FALSE
	EndGlobalSection
	GlobalSection(ExtensibilityGlobals) = postSolution
		SolutionGuid = {51A48BF6-084A-4501-BF88-A06BD54A2FD9}
	EndGlobalSection
EndGlobal
