
Microsoft Visual Studio Solution File, Format Version 12.00
# Visual Studio Version 17
VisualStudioVersion = 17.5.33414.496
MinimumVisualStudioVersion = 10.0.40219.1
Project("{FAE04EC0-301F-11D3-BF4B-00C04F79EFBC}") = "ExceptionHandling", "ExceptionHandling\ExceptionHandling.csproj", "{F04FEA54-0AA1-4E18-AC6E-928CCC77C146}"
EndProject
Global
	GlobalSection(SolutionConfigurationPlatforms) = preSolution
		Debug|Any CPU = Debug|Any CPU
		Release|Any CPU = Release|Any CPU
	EndGlobalSection
	GlobalSection(ProjectConfigurationPlatforms) = postSolution
		{F04FEA54-0AA1-4E18-AC6E-928CCC77C146}.Debug|Any CPU.ActiveCfg = Debug|Any CPU
		{F04FEA54-0AA1-4E18-AC6E-928CCC77C146}.Debug|Any CPU.Build.0 = Debug|Any CPU
		{F04FEA54-0AA1-4E18-AC6E-928CCC77C146}.Release|Any CPU.ActiveCfg = Release|Any CPU
		{F04FEA54-0AA1-4E18-AC6E-928CCC77C146}.Release|Any CPU.Build.0 = Release|Any CPU
	EndGlobalSection
	GlobalSection(SolutionProperties) = preSolution
		HideSolutionNode = FALSE
	EndGlobalSection
	GlobalSection(ExtensibilityGlobals) = postSolution
		SolutionGuid = {E1FB7B06-17E3-46D2-9AAA-FC6A82410BF1}
	EndGlobalSection
EndGlobal
